
Microsoft Visual Studio Solution File, Format Version 12.00
# Visual Studio Version 17
VisualStudioVersion = 17.14.36212.18 d17.14
MinimumVisualStudioVersion = 10.0.40219.1
Project("{FAE04EC0-301F-11D3-BF4B-00C04F79EFBC}") = "SelwadLeague", "SelwadLeague\SelwadLeague.csproj", "{8DDDD876-3A9F-4E96-9A60-5FC07ABE488E}"
EndProject
Global
	GlobalSection(SolutionConfigurationPlatforms) = preSolution
		Debug|Any CPU = Debug|Any CPU
		Release|Any CPU = Release|Any CPU
	EndGlobalSection
	GlobalSection(ProjectConfigurationPlatforms) = postSolution
		{8DDDD876-3A9F-4E96-9A60-5FC07ABE488E}.Debug|Any CPU.ActiveCfg = Debug|Any CPU
		{8DDDD876-3A9F-4E96-9A60-5FC07ABE488E}.Debug|Any CPU.Build.0 = Debug|Any CPU
		{8DDDD876-3A9F-4E96-9A60-5FC07ABE488E}.Release|Any CPU.ActiveCfg = Release|Any CPU
		{8DDDD876-3A9F-4E96-9A60-5FC07ABE488E}.Release|Any CPU.Build.0 = Release|Any CPU
	EndGlobalSection
	GlobalSection(SolutionProperties) = preSolution
		HideSolutionNode = FALSE
	EndGlobalSection
	GlobalSection(ExtensibilityGlobals) = postSolution
		SolutionGuid = {57B5A46C-0025-452D-8528-97FAC350FFBC}
	EndGlobalSection
EndGlobal
